
Microsoft Visual Studio Solution File, Format Version 12.00
# Visual Studio Version 16
VisualStudioVersion = 16.0.31702.278
MinimumVisualStudioVersion = 10.0.40219.1
Project("{FAE04EC0-301F-11D3-BF4B-00C04F79EFBC}") = "Hwork12", "Hwork12\Hwork12.csproj", "{C2765EA8-EC1A-4CEF-80E5-8BD277A9ECE4}"
EndProject
Global
	GlobalSection(SolutionConfigurationPlatforms) = preSolution
		Debug|Any CPU = Debug|Any CPU
		Release|Any CPU = Release|Any CPU
	EndGlobalSection
	GlobalSection(ProjectConfigurationPlatforms) = postSolution
		{C2765EA8-EC1A-4CEF-80E5-8BD277A9ECE4}.Debug|Any CPU.ActiveCfg = Debug|Any CPU
		{C2765EA8-EC1A-4CEF-80E5-8BD277A9ECE4}.Debug|Any CPU.Build.0 = Debug|Any CPU
		{C2765EA8-EC1A-4CEF-80E5-8BD277A9ECE4}.Release|Any CPU.ActiveCfg = Release|Any CPU
		{C2765EA8-EC1A-4CEF-80E5-8BD277A9ECE4}.Release|Any CPU.Build.0 = Release|Any CPU
	EndGlobalSection
	GlobalSection(SolutionProperties) = preSolution
		HideSolutionNode = FALSE
	EndGlobalSection
	GlobalSection(ExtensibilityGlobals) = postSolution
		SolutionGuid = {7689F625-789F-4316-A0A0-FF08B1992AAE}
	EndGlobalSection
EndGlobal
